
Microsoft Visual Studio Solution File, Format Version 12.00
# Visual Studio 15
VisualStudioVersion = 15.0.27130.2020
MinimumVisualStudioVersion = 10.0.40219.1
Project("{159641D6-6404-4A2A-AE62-294DE0FE8301}") = "OAF_SHARED_DIMENSIONS", "OAF_DataWarehouse\OAF_SHARED_DIMENSIONS.dtproj", "{B7B64069-CC0E-4FD4-A5D3-A17A08494266}"
EndProject
Project("{00D1A9C2-B5F0-4AF3-8072-F6C62B433612}") = "Shared_Dimensions_Database_Dev", "Shared_Dimensions_Database_Dev\Shared_Dimensions_Database_Dev.sqlproj", "{5B1F2191-1464-4397-8ADD-DE05390C38DA}"
EndProject
Global
	GlobalSection(SolutionConfigurationPlatforms) = preSolution
		Debug|Any CPU = Debug|Any CPU
		Development|Any CPU = Development|Any CPU
		Release|Any CPU = Release|Any CPU
	EndGlobalSection
	GlobalSection(ProjectConfigurationPlatforms) = postSolution
		{B7B64069-CC0E-4FD4-A5D3-A17A08494266}.Debug|Any CPU.ActiveCfg = Development
		{B7B64069-CC0E-4FD4-A5D3-A17A08494266}.Debug|Any CPU.Build.0 = Development
		{B7B64069-CC0E-4FD4-A5D3-A17A08494266}.Development|Any CPU.ActiveCfg = Development
		{B7B64069-CC0E-4FD4-A5D3-A17A08494266}.Development|Any CPU.Build.0 = Development
		{B7B64069-CC0E-4FD4-A5D3-A17A08494266}.Release|Any CPU.ActiveCfg = Development
		{B7B64069-CC0E-4FD4-A5D3-A17A08494266}.Release|Any CPU.Build.0 = Development
		{5B1F2191-1464-4397-8ADD-DE05390C38DA}.Debug|Any CPU.ActiveCfg = Debug|Any CPU
		{5B1F2191-1464-4397-8ADD-DE05390C38DA}.Debug|Any CPU.Build.0 = Debug|Any CPU
		{5B1F2191-1464-4397-8ADD-DE05390C38DA}.Debug|Any CPU.Deploy.0 = Debug|Any CPU
		{5B1F2191-1464-4397-8ADD-DE05390C38DA}.Development|Any CPU.ActiveCfg = Debug|Any CPU
		{5B1F2191-1464-4397-8ADD-DE05390C38DA}.Development|Any CPU.Build.0 = Debug|Any CPU
		{5B1F2191-1464-4397-8ADD-DE05390C38DA}.Development|Any CPU.Deploy.0 = Debug|Any CPU
		{5B1F2191-1464-4397-8ADD-DE05390C38DA}.Release|Any CPU.ActiveCfg = Release|Any CPU
		{5B1F2191-1464-4397-8ADD-DE05390C38DA}.Release|Any CPU.Build.0 = Release|Any CPU
		{5B1F2191-1464-4397-8ADD-DE05390C38DA}.Release|Any CPU.Deploy.0 = Release|Any CPU
	EndGlobalSection
	GlobalSection(SolutionProperties) = preSolution
		HideSolutionNode = FALSE
	EndGlobalSection
	GlobalSection(ExtensibilityGlobals) = postSolution
		SolutionGuid = {52F54AD9-21A6-4231-9329-57BEE1F83CD9}
	EndGlobalSection
EndGlobal
